{
  "version": 4,
  "terraform_version": "1.3.3",
  "serial": 108,
  "lineage": "93b162d2-2297-c43d-26e8-e36173dc157e",
  "outputs": {
    "public_ips": {
      "value": [
        "20.25.106.246",
        "172.203.151.101",
        ""
      ],
      "type": [
        "tuple",
        [
          "string",
          "string",
          "string"
        ]
      ]
    }
  },
  "resources": [
    {
      "mode": "managed",
      "type": "azurerm_linux_virtual_machine",
      "name": "ubuntu",
      "provider": "provider[\"registry.terraform.io/hashicorp/azurerm\"]",
      "instances": [
        {
          "index_key": 0,
          "schema_version": 0,
          "attributes": {
            "additional_capabilities": [],
            "admin_password": null,
            "admin_ssh_key": [
              {
                "public_key": "ssh-rsa AAAAB3NzaC1yc2EAAAADAQABAAABgQCvos4bWhalTfQmNq9kzNAp0+t7BLEtaVdJSViag/zM01OH0jhzP43175Fc5Au3wH1pobcVBzEmNihSYmFiKQhKAmpfyMpYBXLGrY2iwgLcLB1wVk+KnmpxFOqwbaje/YZeP1EmSYB1bwePAVBST2L2piSe5LbWocol78fSLC4RuSxSJdOTGIrw9URkHgVy0dxn/OaBUdLEWt56oGLJdT5Zkh6YSGKIl7/UIGS12pAe3vX3CRFvqne0S4HfT6zeowQSpZrGYlRB7KrfmgK28PmdspXAFQE1OA4toi2kDg4omoR+rBIbCIScOu1LD0FHKryEp71eM9vPRDB5QfVNZAkMOIBPCntLtApZsOXZ5YMu0Ne0p9Zt1UkuZpriao0UHh5lcfR6OcjdKiOw52Mx0FBCPCloLxkEN5E4o5BESJ49qrbO4GhnyKxKDscJPXGtnPWFxcFsm8vqCjhp5vmmjSv2/CuTBQqLsy08UJF9+tS2H4Z/aUOBW1k7w9RCdgbWcns= joser@JARVIS\r\n",
                "username": "azureadmin"
              }
            ],
            "admin_username": "azureadmin",
            "allow_extension_operations": true,
            "availability_set_id": "",
            "boot_diagnostics": [],
            "bypass_platform_safety_checks_on_user_schedule_enabled": false,
            "capacity_reservation_group_id": "",
            "computer_name": "UBUNTU-VM-0",
            "custom_data": null,
            "dedicated_host_group_id": "",
            "dedicated_host_id": "",
            "disable_password_authentication": true,
            "edge_zone": "",
            "encryption_at_host_enabled": false,
            "eviction_policy": "",
            "extensions_time_budget": "PT1H30M",
            "gallery_application": [],
            "id": "/subscriptions/c2fd3d32-4762-4b0e-9f16-bc5b49933ffe/resourceGroups/rg-aula-05/providers/Microsoft.Compute/virtualMachines/UBUNTU-VM-0",
            "identity": [],
            "license_type": "",
            "location": "eastus",
            "max_bid_price": -1,
            "name": "UBUNTU-VM-0",
            "network_interface_ids": [
              "/subscriptions/c2fd3d32-4762-4b0e-9f16-bc5b49933ffe/resourceGroups/rg-aula-05/providers/Microsoft.Network/networkInterfaces/UBUNTU-NIC-0"
            ],
            "os_disk": [
              {
                "caching": "ReadWrite",
                "diff_disk_settings": [],
                "disk_encryption_set_id": "",
                "disk_size_gb": 30,
                "name": "UBUNTU-VM-0_OsDisk_1_d48958609caf4e96992b8a2319eb8478",
                "secure_vm_disk_encryption_set_id": "",
                "security_encryption_type": "",
                "storage_account_type": "Standard_LRS",
                "write_accelerator_enabled": false
              }
            ],
            "patch_assessment_mode": "ImageDefault",
            "patch_mode": "ImageDefault",
            "plan": [],
            "platform_fault_domain": -1,
            "priority": "Regular",
            "private_ip_address": "10.0.2.4",
            "private_ip_addresses": [
              "10.0.2.4"
            ],
            "provision_vm_agent": true,
            "proximity_placement_group_id": "",
            "public_ip_address": "20.25.106.246",
            "public_ip_addresses": [
              "20.25.106.246"
            ],
            "reboot_setting": "",
            "resource_group_name": "rg-aula-05",
            "secret": [],
            "secure_boot_enabled": false,
            "size": "Standard_DS1_v2",
            "source_image_id": "",
            "source_image_reference": [
              {
                "offer": "UbuntuServer",
                "publisher": "Canonical",
                "sku": "19.04",
                "version": "latest"
              }
            ],
            "tags": {},
            "termination_notification": [],
            "timeouts": null,
            "user_data": "",
            "virtual_machine_id": "a96e62f8-d489-4bcd-a7d5-26cd14184400",
            "virtual_machine_scale_set_id": "",
            "vtpm_enabled": false,
            "zone": ""
          },
          "sensitive_attributes": [],
          "private": "eyJlMmJmYjczMC1lY2FhLTExZTYtOGY4OC0zNDM2M2JjN2M0YzAiOnsiY3JlYXRlIjoyNzAwMDAwMDAwMDAwLCJkZWxldGUiOjI3MDAwMDAwMDAwMDAsInJlYWQiOjMwMDAwMDAwMDAwMCwidXBkYXRlIjoyNzAwMDAwMDAwMDAwfX0=",
          "dependencies": [
            "azurerm_network_interface.ubuntu",
            "azurerm_public_ip.ubuntu",
            "azurerm_resource_group.ubuntu",
            "azurerm_subnet.ubuntu",
            "azurerm_virtual_network.ubuntu"
          ]
        },
        {
          "index_key": 1,
          "schema_version": 0,
          "attributes": {
            "additional_capabilities": [],
            "admin_password": null,
            "admin_ssh_key": [
              {
                "public_key": "ssh-rsa AAAAB3NzaC1yc2EAAAADAQABAAABgQCvos4bWhalTfQmNq9kzNAp0+t7BLEtaVdJSViag/zM01OH0jhzP43175Fc5Au3wH1pobcVBzEmNihSYmFiKQhKAmpfyMpYBXLGrY2iwgLcLB1wVk+KnmpxFOqwbaje/YZeP1EmSYB1bwePAVBST2L2piSe5LbWocol78fSLC4RuSxSJdOTGIrw9URkHgVy0dxn/OaBUdLEWt56oGLJdT5Zkh6YSGKIl7/UIGS12pAe3vX3CRFvqne0S4HfT6zeowQSpZrGYlRB7KrfmgK28PmdspXAFQE1OA4toi2kDg4omoR+rBIbCIScOu1LD0FHKryEp71eM9vPRDB5QfVNZAkMOIBPCntLtApZsOXZ5YMu0Ne0p9Zt1UkuZpriao0UHh5lcfR6OcjdKiOw52Mx0FBCPCloLxkEN5E4o5BESJ49qrbO4GhnyKxKDscJPXGtnPWFxcFsm8vqCjhp5vmmjSv2/CuTBQqLsy08UJF9+tS2H4Z/aUOBW1k7w9RCdgbWcns= joser@JARVIS\r\n",
                "username": "azureadmin"
              }
            ],
            "admin_username": "azureadmin",
            "allow_extension_operations": true,
            "availability_set_id": "",
            "boot_diagnostics": [],
            "bypass_platform_safety_checks_on_user_schedule_enabled": false,
            "capacity_reservation_group_id": "",
            "computer_name": "UBUNTU-VM-1",
            "custom_data": null,
            "dedicated_host_group_id": "",
            "dedicated_host_id": "",
            "disable_password_authentication": true,
            "edge_zone": "",
            "encryption_at_host_enabled": false,
            "eviction_policy": "",
            "extensions_time_budget": "PT1H30M",
            "gallery_application": [],
            "id": "/subscriptions/c2fd3d32-4762-4b0e-9f16-bc5b49933ffe/resourceGroups/rg-aula-05/providers/Microsoft.Compute/virtualMachines/UBUNTU-VM-1",
            "identity": [],
            "license_type": "",
            "location": "eastus",
            "max_bid_price": -1,
            "name": "UBUNTU-VM-1",
            "network_interface_ids": [
              "/subscriptions/c2fd3d32-4762-4b0e-9f16-bc5b49933ffe/resourceGroups/rg-aula-05/providers/Microsoft.Network/networkInterfaces/UBUNTU-NIC-1"
            ],
            "os_disk": [
              {
                "caching": "ReadWrite",
                "diff_disk_settings": [],
                "disk_encryption_set_id": "",
                "disk_size_gb": 30,
                "name": "UBUNTU-VM-1_OsDisk_1_a64b61acb7fe4dc68db2d72845aa262b",
                "secure_vm_disk_encryption_set_id": "",
                "security_encryption_type": "",
                "storage_account_type": "Standard_LRS",
                "write_accelerator_enabled": false
              }
            ],
            "patch_assessment_mode": "ImageDefault",
            "patch_mode": "ImageDefault",
            "plan": [],
            "platform_fault_domain": -1,
            "priority": "Regular",
            "private_ip_address": "10.0.2.5",
            "private_ip_addresses": [
              "10.0.2.5"
            ],
            "provision_vm_agent": true,
            "proximity_placement_group_id": "",
            "public_ip_address": "172.203.151.101",
            "public_ip_addresses": [
              "172.203.151.101"
            ],
            "reboot_setting": "",
            "resource_group_name": "rg-aula-05",
            "secret": [],
            "secure_boot_enabled": false,
            "size": "Standard_DS1_v2",
            "source_image_id": "",
            "source_image_reference": [
              {
                "offer": "UbuntuServer",
                "publisher": "Canonical",
                "sku": "19.04",
                "version": "latest"
              }
            ],
            "tags": {},
            "termination_notification": [],
            "timeouts": null,
            "user_data": "",
            "virtual_machine_id": "8a13fc11-4c23-47d2-b2a0-f6dfc8fab713",
            "virtual_machine_scale_set_id": "",
            "vtpm_enabled": false,
            "zone": ""
          },
          "sensitive_attributes": [],
          "private": "eyJlMmJmYjczMC1lY2FhLTExZTYtOGY4OC0zNDM2M2JjN2M0YzAiOnsiY3JlYXRlIjoyNzAwMDAwMDAwMDAwLCJkZWxldGUiOjI3MDAwMDAwMDAwMDAsInJlYWQiOjMwMDAwMDAwMDAwMCwidXBkYXRlIjoyNzAwMDAwMDAwMDAwfX0=",
          "dependencies": [
            "azurerm_network_interface.ubuntu",
            "azurerm_public_ip.ubuntu",
            "azurerm_resource_group.ubuntu",
            "azurerm_subnet.ubuntu",
            "azurerm_virtual_network.ubuntu"
          ]
        },
        {
          "index_key": 2,
          "schema_version": 0,
          "attributes": {
            "additional_capabilities": [],
            "admin_password": null,
            "admin_ssh_key": [
              {
                "public_key": "ssh-rsa AAAAB3NzaC1yc2EAAAADAQABAAABgQCvos4bWhalTfQmNq9kzNAp0+t7BLEtaVdJSViag/zM01OH0jhzP43175Fc5Au3wH1pobcVBzEmNihSYmFiKQhKAmpfyMpYBXLGrY2iwgLcLB1wVk+KnmpxFOqwbaje/YZeP1EmSYB1bwePAVBST2L2piSe5LbWocol78fSLC4RuSxSJdOTGIrw9URkHgVy0dxn/OaBUdLEWt56oGLJdT5Zkh6YSGKIl7/UIGS12pAe3vX3CRFvqne0S4HfT6zeowQSpZrGYlRB7KrfmgK28PmdspXAFQE1OA4toi2kDg4omoR+rBIbCIScOu1LD0FHKryEp71eM9vPRDB5QfVNZAkMOIBPCntLtApZsOXZ5YMu0Ne0p9Zt1UkuZpriao0UHh5lcfR6OcjdKiOw52Mx0FBCPCloLxkEN5E4o5BESJ49qrbO4GhnyKxKDscJPXGtnPWFxcFsm8vqCjhp5vmmjSv2/CuTBQqLsy08UJF9+tS2H4Z/aUOBW1k7w9RCdgbWcns= joser@JARVIS\r\n",
                "username": "azureadmin"
              }
            ],
            "admin_username": "azureadmin",
            "allow_extension_operations": true,
            "availability_set_id": "",
            "boot_diagnostics": [],
            "bypass_platform_safety_checks_on_user_schedule_enabled": false,
            "capacity_reservation_group_id": "",
            "computer_name": "UBUNTU-VM-2",
            "custom_data": null,
            "dedicated_host_group_id": "",
            "dedicated_host_id": "",
            "disable_password_authentication": true,
            "edge_zone": "",
            "encryption_at_host_enabled": false,
            "eviction_policy": "",
            "extensions_time_budget": "PT1H30M",
            "gallery_application": [],
            "id": "/subscriptions/c2fd3d32-4762-4b0e-9f16-bc5b49933ffe/resourceGroups/rg-aula-05/providers/Microsoft.Compute/virtualMachines/UBUNTU-VM-2",
            "identity": [],
            "license_type": "",
            "location": "eastus",
            "max_bid_price": -1,
            "name": "UBUNTU-VM-2",
            "network_interface_ids": [
              "/subscriptions/c2fd3d32-4762-4b0e-9f16-bc5b49933ffe/resourceGroups/rg-aula-05/providers/Microsoft.Network/networkInterfaces/UBUNTU-NIC-2"
            ],
            "os_disk": [
              {
                "caching": "ReadWrite",
                "diff_disk_settings": [],
                "disk_encryption_set_id": "",
                "disk_size_gb": 30,
                "name": "UBUNTU-VM-2_OsDisk_1_c4ad7df19aa44c5da2bab02a97581a1f",
                "secure_vm_disk_encryption_set_id": "",
                "security_encryption_type": "",
                "storage_account_type": "Standard_LRS",
                "write_accelerator_enabled": false
              }
            ],
            "patch_assessment_mode": "ImageDefault",
            "patch_mode": "ImageDefault",
            "plan": [],
            "platform_fault_domain": -1,
            "priority": "Regular",
            "private_ip_address": "10.0.2.6",
            "private_ip_addresses": [
              "10.0.2.6"
            ],
            "provision_vm_agent": true,
            "proximity_placement_group_id": "",
            "public_ip_address": "20.115.19.33",
            "public_ip_addresses": [
              "20.115.19.33"
            ],
            "reboot_setting": "",
            "resource_group_name": "rg-aula-05",
            "secret": [],
            "secure_boot_enabled": false,
            "size": "Standard_DS1_v2",
            "source_image_id": "",
            "source_image_reference": [
              {
                "offer": "UbuntuServer",
                "publisher": "Canonical",
                "sku": "19.04",
                "version": "latest"
              }
            ],
            "tags": null,
            "termination_notification": null,
            "timeouts": null,
            "user_data": "",
            "virtual_machine_id": "94bcc971-0ed2-4dc8-848a-9a3cca16b765",
            "virtual_machine_scale_set_id": "",
            "vtpm_enabled": false,
            "zone": ""
          },
          "sensitive_attributes": [],
          "private": "eyJlMmJmYjczMC1lY2FhLTExZTYtOGY4OC0zNDM2M2JjN2M0YzAiOnsiY3JlYXRlIjoyNzAwMDAwMDAwMDAwLCJkZWxldGUiOjI3MDAwMDAwMDAwMDAsInJlYWQiOjMwMDAwMDAwMDAwMCwidXBkYXRlIjoyNzAwMDAwMDAwMDAwfX0=",
          "dependencies": [
            "azurerm_network_interface.ubuntu",
            "azurerm_public_ip.ubuntu",
            "azurerm_resource_group.ubuntu",
            "azurerm_subnet.ubuntu",
            "azurerm_virtual_network.ubuntu"
          ]
        }
      ]
    },
    {
      "mode": "managed",
      "type": "azurerm_network_interface",
      "name": "ubuntu",
      "provider": "provider[\"registry.terraform.io/hashicorp/azurerm\"]",
      "instances": [
        {
          "index_key": 0,
          "schema_version": 0,
          "attributes": {
            "applied_dns_servers": [],
            "auxiliary_mode": "",
            "auxiliary_sku": "",
            "dns_servers": [],
            "edge_zone": "",
            "enable_accelerated_networking": false,
            "enable_ip_forwarding": false,
            "id": "/subscriptions/c2fd3d32-4762-4b0e-9f16-bc5b49933ffe/resourceGroups/rg-aula-05/providers/Microsoft.Network/networkInterfaces/UBUNTU-NIC-0",
            "internal_dns_name_label": "",
            "internal_domain_name_suffix": "y4zo0dzq42yujcm4p3wwhmnezh.bx.internal.cloudapp.net",
            "ip_configuration": [
              {
                "gateway_load_balancer_frontend_ip_configuration_id": "",
                "name": "internal",
                "primary": true,
                "private_ip_address": "10.0.2.4",
                "private_ip_address_allocation": "Dynamic",
                "private_ip_address_version": "IPv4",
                "public_ip_address_id": "/subscriptions/c2fd3d32-4762-4b0e-9f16-bc5b49933ffe/resourceGroups/rg-aula-05/providers/Microsoft.Network/publicIPAddresses/UBUNTU-VM-NIC-00",
                "subnet_id": "/subscriptions/c2fd3d32-4762-4b0e-9f16-bc5b49933ffe/resourceGroups/rg-aula-05/providers/Microsoft.Network/virtualNetworks/ubuntu-network/subnets/internal"
              }
            ],
            "location": "eastus",
            "mac_address": "00-0D-3A-4F-ED-F2",
            "name": "UBUNTU-NIC-0",
            "private_ip_address": "10.0.2.4",
            "private_ip_addresses": [
              "10.0.2.4"
            ],
            "resource_group_name": "rg-aula-05",
            "tags": {},
            "timeouts": null,
            "virtual_machine_id": "/subscriptions/c2fd3d32-4762-4b0e-9f16-bc5b49933ffe/resourceGroups/rg-aula-05/providers/Microsoft.Compute/virtualMachines/UBUNTU-VM-0"
          },
          "sensitive_attributes": [],
          "private": "eyJlMmJmYjczMC1lY2FhLTExZTYtOGY4OC0zNDM2M2JjN2M0YzAiOnsiY3JlYXRlIjoxODAwMDAwMDAwMDAwLCJkZWxldGUiOjE4MDAwMDAwMDAwMDAsInJlYWQiOjMwMDAwMDAwMDAwMCwidXBkYXRlIjoxODAwMDAwMDAwMDAwfX0=",
          "dependencies": [
            "azurerm_public_ip.ubuntu",
            "azurerm_resource_group.ubuntu",
            "azurerm_subnet.ubuntu",
            "azurerm_virtual_network.ubuntu"
          ]
        },
        {
          "index_key": 1,
          "schema_version": 0,
          "attributes": {
            "applied_dns_servers": [],
            "auxiliary_mode": "",
            "auxiliary_sku": "",
            "dns_servers": [],
            "edge_zone": "",
            "enable_accelerated_networking": false,
            "enable_ip_forwarding": false,
            "id": "/subscriptions/c2fd3d32-4762-4b0e-9f16-bc5b49933ffe/resourceGroups/rg-aula-05/providers/Microsoft.Network/networkInterfaces/UBUNTU-NIC-1",
            "internal_dns_name_label": "",
            "internal_domain_name_suffix": "y4zo0dzq42yujcm4p3wwhmnezh.bx.internal.cloudapp.net",
            "ip_configuration": [
              {
                "gateway_load_balancer_frontend_ip_configuration_id": "",
                "name": "internal",
                "primary": true,
                "private_ip_address": "10.0.2.5",
                "private_ip_address_allocation": "Dynamic",
                "private_ip_address_version": "IPv4",
                "public_ip_address_id": "/subscriptions/c2fd3d32-4762-4b0e-9f16-bc5b49933ffe/resourceGroups/rg-aula-05/providers/Microsoft.Network/publicIPAddresses/UBUNTU-VM-NIC-01",
                "subnet_id": "/subscriptions/c2fd3d32-4762-4b0e-9f16-bc5b49933ffe/resourceGroups/rg-aula-05/providers/Microsoft.Network/virtualNetworks/ubuntu-network/subnets/internal"
              }
            ],
            "location": "eastus",
            "mac_address": "00-22-48-25-53-C3",
            "name": "UBUNTU-NIC-1",
            "private_ip_address": "10.0.2.5",
            "private_ip_addresses": [
              "10.0.2.5"
            ],
            "resource_group_name": "rg-aula-05",
            "tags": {},
            "timeouts": null,
            "virtual_machine_id": "/subscriptions/c2fd3d32-4762-4b0e-9f16-bc5b49933ffe/resourceGroups/rg-aula-05/providers/Microsoft.Compute/virtualMachines/UBUNTU-VM-1"
          },
          "sensitive_attributes": [],
          "private": "eyJlMmJmYjczMC1lY2FhLTExZTYtOGY4OC0zNDM2M2JjN2M0YzAiOnsiY3JlYXRlIjoxODAwMDAwMDAwMDAwLCJkZWxldGUiOjE4MDAwMDAwMDAwMDAsInJlYWQiOjMwMDAwMDAwMDAwMCwidXBkYXRlIjoxODAwMDAwMDAwMDAwfX0=",
          "dependencies": [
            "azurerm_public_ip.ubuntu",
            "azurerm_resource_group.ubuntu",
            "azurerm_subnet.ubuntu",
            "azurerm_virtual_network.ubuntu"
          ]
        },
        {
          "index_key": 2,
          "schema_version": 0,
          "attributes": {
            "applied_dns_servers": [],
            "auxiliary_mode": "",
            "auxiliary_sku": "",
            "dns_servers": [],
            "edge_zone": "",
            "enable_accelerated_networking": false,
            "enable_ip_forwarding": false,
            "id": "/subscriptions/c2fd3d32-4762-4b0e-9f16-bc5b49933ffe/resourceGroups/rg-aula-05/providers/Microsoft.Network/networkInterfaces/UBUNTU-NIC-2",
            "internal_dns_name_label": "",
            "internal_domain_name_suffix": "y4zo0dzq42yujcm4p3wwhmnezh.bx.internal.cloudapp.net",
            "ip_configuration": [
              {
                "gateway_load_balancer_frontend_ip_configuration_id": "",
                "name": "internal",
                "primary": true,
                "private_ip_address": "10.0.2.6",
                "private_ip_address_allocation": "Dynamic",
                "private_ip_address_version": "IPv4",
                "public_ip_address_id": "/subscriptions/c2fd3d32-4762-4b0e-9f16-bc5b49933ffe/resourceGroups/rg-aula-05/providers/Microsoft.Network/publicIPAddresses/UBUNTU-VM-NIC-02",
                "subnet_id": "/subscriptions/c2fd3d32-4762-4b0e-9f16-bc5b49933ffe/resourceGroups/rg-aula-05/providers/Microsoft.Network/virtualNetworks/ubuntu-network/subnets/internal"
              }
            ],
            "location": "eastus",
            "mac_address": "",
            "name": "UBUNTU-NIC-2",
            "private_ip_address": "10.0.2.6",
            "private_ip_addresses": [
              "10.0.2.6"
            ],
            "resource_group_name": "rg-aula-05",
            "tags": null,
            "timeouts": null,
            "virtual_machine_id": ""
          },
          "sensitive_attributes": [],
          "private": "eyJlMmJmYjczMC1lY2FhLTExZTYtOGY4OC0zNDM2M2JjN2M0YzAiOnsiY3JlYXRlIjoxODAwMDAwMDAwMDAwLCJkZWxldGUiOjE4MDAwMDAwMDAwMDAsInJlYWQiOjMwMDAwMDAwMDAwMCwidXBkYXRlIjoxODAwMDAwMDAwMDAwfX0=",
          "dependencies": [
            "azurerm_public_ip.ubuntu",
            "azurerm_resource_group.ubuntu",
            "azurerm_subnet.ubuntu",
            "azurerm_virtual_network.ubuntu"
          ]
        }
      ]
    },
    {
      "mode": "managed",
      "type": "azurerm_network_interface_security_group_association",
      "name": "ubuntu",
      "provider": "provider[\"registry.terraform.io/hashicorp/azurerm\"]",
      "instances": [
        {
          "index_key": 0,
          "schema_version": 0,
          "attributes": {
            "id": "/subscriptions/c2fd3d32-4762-4b0e-9f16-bc5b49933ffe/resourceGroups/rg-aula-05/providers/Microsoft.Network/networkInterfaces/UBUNTU-NIC-0|/subscriptions/c2fd3d32-4762-4b0e-9f16-bc5b49933ffe/resourceGroups/rg-aula-05/providers/Microsoft.Network/networkSecurityGroups/ubuntu-security-group1",
            "network_interface_id": "/subscriptions/c2fd3d32-4762-4b0e-9f16-bc5b49933ffe/resourceGroups/rg-aula-05/providers/Microsoft.Network/networkInterfaces/UBUNTU-NIC-0",
            "network_security_group_id": "/subscriptions/c2fd3d32-4762-4b0e-9f16-bc5b49933ffe/resourceGroups/rg-aula-05/providers/Microsoft.Network/networkSecurityGroups/ubuntu-security-group1",
            "timeouts": null
          },
          "sensitive_attributes": [],
          "private": "eyJlMmJmYjczMC1lY2FhLTExZTYtOGY4OC0zNDM2M2JjN2M0YzAiOnsiY3JlYXRlIjoxODAwMDAwMDAwMDAwLCJkZWxldGUiOjE4MDAwMDAwMDAwMDAsInJlYWQiOjMwMDAwMDAwMDAwMH19",
          "dependencies": [
            "azurerm_network_interface.ubuntu",
            "azurerm_network_security_group.ubuntu",
            "azurerm_public_ip.ubuntu",
            "azurerm_resource_group.ubuntu",
            "azurerm_subnet.ubuntu",
            "azurerm_virtual_network.ubuntu"
          ]
        },
        {
          "index_key": 1,
          "schema_version": 0,
          "attributes": {
            "id": "/subscriptions/c2fd3d32-4762-4b0e-9f16-bc5b49933ffe/resourceGroups/rg-aula-05/providers/Microsoft.Network/networkInterfaces/UBUNTU-NIC-1|/subscriptions/c2fd3d32-4762-4b0e-9f16-bc5b49933ffe/resourceGroups/rg-aula-05/providers/Microsoft.Network/networkSecurityGroups/ubuntu-security-group1",
            "network_interface_id": "/subscriptions/c2fd3d32-4762-4b0e-9f16-bc5b49933ffe/resourceGroups/rg-aula-05/providers/Microsoft.Network/networkInterfaces/UBUNTU-NIC-1",
            "network_security_group_id": "/subscriptions/c2fd3d32-4762-4b0e-9f16-bc5b49933ffe/resourceGroups/rg-aula-05/providers/Microsoft.Network/networkSecurityGroups/ubuntu-security-group1",
            "timeouts": null
          },
          "sensitive_attributes": [],
          "private": "eyJlMmJmYjczMC1lY2FhLTExZTYtOGY4OC0zNDM2M2JjN2M0YzAiOnsiY3JlYXRlIjoxODAwMDAwMDAwMDAwLCJkZWxldGUiOjE4MDAwMDAwMDAwMDAsInJlYWQiOjMwMDAwMDAwMDAwMH19",
          "dependencies": [
            "azurerm_network_interface.ubuntu",
            "azurerm_network_security_group.ubuntu",
            "azurerm_public_ip.ubuntu",
            "azurerm_resource_group.ubuntu",
            "azurerm_subnet.ubuntu",
            "azurerm_virtual_network.ubuntu"
          ]
        },
        {
          "index_key": 2,
          "schema_version": 0,
          "attributes": {
            "id": "/subscriptions/c2fd3d32-4762-4b0e-9f16-bc5b49933ffe/resourceGroups/rg-aula-05/providers/Microsoft.Network/networkInterfaces/UBUNTU-NIC-2|/subscriptions/c2fd3d32-4762-4b0e-9f16-bc5b49933ffe/resourceGroups/rg-aula-05/providers/Microsoft.Network/networkSecurityGroups/ubuntu-security-group1",
            "network_interface_id": "/subscriptions/c2fd3d32-4762-4b0e-9f16-bc5b49933ffe/resourceGroups/rg-aula-05/providers/Microsoft.Network/networkInterfaces/UBUNTU-NIC-2",
            "network_security_group_id": "/subscriptions/c2fd3d32-4762-4b0e-9f16-bc5b49933ffe/resourceGroups/rg-aula-05/providers/Microsoft.Network/networkSecurityGroups/ubuntu-security-group1",
            "timeouts": null
          },
          "sensitive_attributes": [],
          "private": "eyJlMmJmYjczMC1lY2FhLTExZTYtOGY4OC0zNDM2M2JjN2M0YzAiOnsiY3JlYXRlIjoxODAwMDAwMDAwMDAwLCJkZWxldGUiOjE4MDAwMDAwMDAwMDAsInJlYWQiOjMwMDAwMDAwMDAwMH19",
          "dependencies": [
            "azurerm_network_interface.ubuntu",
            "azurerm_network_security_group.ubuntu",
            "azurerm_public_ip.ubuntu",
            "azurerm_resource_group.ubuntu",
            "azurerm_subnet.ubuntu",
            "azurerm_virtual_network.ubuntu"
          ]
        }
      ]
    },
    {
      "mode": "managed",
      "type": "azurerm_network_security_group",
      "name": "ubuntu",
      "provider": "provider[\"registry.terraform.io/hashicorp/azurerm\"]",
      "instances": [
        {
          "schema_version": 0,
          "attributes": {
            "id": "/subscriptions/c2fd3d32-4762-4b0e-9f16-bc5b49933ffe/resourceGroups/rg-aula-05/providers/Microsoft.Network/networkSecurityGroups/ubuntu-security-group1",
            "location": "eastus",
            "name": "ubuntu-security-group1",
            "resource_group_name": "rg-aula-05",
            "security_rule": [
              {
                "access": "Allow",
                "description": "",
                "destination_address_prefix": "*",
                "destination_address_prefixes": [],
                "destination_application_security_group_ids": [],
                "destination_port_range": "22",
                "destination_port_ranges": [],
                "direction": "Inbound",
                "name": "ssh",
                "priority": 100,
                "protocol": "Tcp",
                "source_address_prefix": "*",
                "source_address_prefixes": [],
                "source_application_security_group_ids": [],
                "source_port_range": "*",
                "source_port_ranges": []
              }
            ],
            "tags": {
              "environment": "production",
              "team": "iac"
            },
            "timeouts": null
          },
          "sensitive_attributes": [],
          "private": "eyJlMmJmYjczMC1lY2FhLTExZTYtOGY4OC0zNDM2M2JjN2M0YzAiOnsiY3JlYXRlIjoxODAwMDAwMDAwMDAwLCJkZWxldGUiOjE4MDAwMDAwMDAwMDAsInJlYWQiOjMwMDAwMDAwMDAwMCwidXBkYXRlIjoxODAwMDAwMDAwMDAwfX0=",
          "dependencies": [
            "azurerm_resource_group.ubuntu"
          ]
        }
      ]
    },
    {
      "mode": "managed",
      "type": "azurerm_public_ip",
      "name": "ubuntu",
      "provider": "provider[\"registry.terraform.io/hashicorp/azurerm\"]",
      "instances": [
        {
          "index_key": 0,
          "schema_version": 0,
          "attributes": {
            "allocation_method": "Dynamic",
            "ddos_protection_mode": "VirtualNetworkInherited",
            "ddos_protection_plan_id": null,
            "domain_name_label": null,
            "edge_zone": "",
            "fqdn": null,
            "id": "/subscriptions/c2fd3d32-4762-4b0e-9f16-bc5b49933ffe/resourceGroups/rg-aula-05/providers/Microsoft.Network/publicIPAddresses/UBUNTU-VM-NIC-00",
            "idle_timeout_in_minutes": 4,
            "ip_address": "20.25.106.246",
            "ip_tags": {},
            "ip_version": "IPv4",
            "location": "eastus",
            "name": "UBUNTU-VM-NIC-00",
            "public_ip_prefix_id": null,
            "resource_group_name": "rg-aula-05",
            "reverse_fqdn": null,
            "sku": "Basic",
            "sku_tier": "Regional",
            "tags": {
              "environment": "production",
              "team": "iac"
            },
            "timeouts": null,
            "zones": []
          },
          "sensitive_attributes": [],
          "private": "eyJlMmJmYjczMC1lY2FhLTExZTYtOGY4OC0zNDM2M2JjN2M0YzAiOnsiY3JlYXRlIjoxODAwMDAwMDAwMDAwLCJkZWxldGUiOjE4MDAwMDAwMDAwMDAsInJlYWQiOjMwMDAwMDAwMDAwMCwidXBkYXRlIjoxODAwMDAwMDAwMDAwfX0=",
          "dependencies": [
            "azurerm_resource_group.ubuntu"
          ]
        },
        {
          "index_key": 1,
          "schema_version": 0,
          "attributes": {
            "allocation_method": "Dynamic",
            "ddos_protection_mode": "VirtualNetworkInherited",
            "ddos_protection_plan_id": null,
            "domain_name_label": null,
            "edge_zone": "",
            "fqdn": null,
            "id": "/subscriptions/c2fd3d32-4762-4b0e-9f16-bc5b49933ffe/resourceGroups/rg-aula-05/providers/Microsoft.Network/publicIPAddresses/UBUNTU-VM-NIC-01",
            "idle_timeout_in_minutes": 4,
            "ip_address": "172.203.151.101",
            "ip_tags": {},
            "ip_version": "IPv4",
            "location": "eastus",
            "name": "UBUNTU-VM-NIC-01",
            "public_ip_prefix_id": null,
            "resource_group_name": "rg-aula-05",
            "reverse_fqdn": null,
            "sku": "Basic",
            "sku_tier": "Regional",
            "tags": {
              "environment": "production",
              "team": "iac"
            },
            "timeouts": null,
            "zones": []
          },
          "sensitive_attributes": [],
          "private": "eyJlMmJmYjczMC1lY2FhLTExZTYtOGY4OC0zNDM2M2JjN2M0YzAiOnsiY3JlYXRlIjoxODAwMDAwMDAwMDAwLCJkZWxldGUiOjE4MDAwMDAwMDAwMDAsInJlYWQiOjMwMDAwMDAwMDAwMCwidXBkYXRlIjoxODAwMDAwMDAwMDAwfX0=",
          "dependencies": [
            "azurerm_resource_group.ubuntu"
          ]
        },
        {
          "index_key": 2,
          "schema_version": 0,
          "attributes": {
            "allocation_method": "Dynamic",
            "ddos_protection_mode": "VirtualNetworkInherited",
            "ddos_protection_plan_id": null,
            "domain_name_label": null,
            "edge_zone": "",
            "fqdn": null,
            "id": "/subscriptions/c2fd3d32-4762-4b0e-9f16-bc5b49933ffe/resourceGroups/rg-aula-05/providers/Microsoft.Network/publicIPAddresses/UBUNTU-VM-NIC-02",
            "idle_timeout_in_minutes": 4,
            "ip_address": "",
            "ip_tags": null,
            "ip_version": "IPv4",
            "location": "eastus",
            "name": "UBUNTU-VM-NIC-02",
            "public_ip_prefix_id": null,
            "resource_group_name": "rg-aula-05",
            "reverse_fqdn": null,
            "sku": "Basic",
            "sku_tier": "Regional",
            "tags": {
              "environment": "production",
              "team": "iac"
            },
            "timeouts": null,
            "zones": null
          },
          "sensitive_attributes": [],
          "private": "eyJlMmJmYjczMC1lY2FhLTExZTYtOGY4OC0zNDM2M2JjN2M0YzAiOnsiY3JlYXRlIjoxODAwMDAwMDAwMDAwLCJkZWxldGUiOjE4MDAwMDAwMDAwMDAsInJlYWQiOjMwMDAwMDAwMDAwMCwidXBkYXRlIjoxODAwMDAwMDAwMDAwfX0=",
          "dependencies": [
            "azurerm_resource_group.ubuntu"
          ]
        }
      ]
    },
    {
      "mode": "managed",
      "type": "azurerm_resource_group",
      "name": "ubuntu",
      "provider": "provider[\"registry.terraform.io/hashicorp/azurerm\"]",
      "instances": [
        {
          "schema_version": 0,
          "attributes": {
            "id": "/subscriptions/c2fd3d32-4762-4b0e-9f16-bc5b49933ffe/resourceGroups/rg-aula-05",
            "location": "eastus",
            "managed_by": "",
            "name": "rg-aula-05",
            "tags": {},
            "timeouts": null
          },
          "sensitive_attributes": [],
          "private": "eyJlMmJmYjczMC1lY2FhLTExZTYtOGY4OC0zNDM2M2JjN2M0YzAiOnsiY3JlYXRlIjo1NDAwMDAwMDAwMDAwLCJkZWxldGUiOjU0MDAwMDAwMDAwMDAsInJlYWQiOjMwMDAwMDAwMDAwMCwidXBkYXRlIjo1NDAwMDAwMDAwMDAwfX0="
        }
      ]
    },
    {
      "mode": "managed",
      "type": "azurerm_subnet",
      "name": "ubuntu",
      "provider": "provider[\"registry.terraform.io/hashicorp/azurerm\"]",
      "instances": [
        {
          "schema_version": 0,
          "attributes": {
            "address_prefixes": [
              "10.0.2.0/24"
            ],
            "delegation": [],
            "enforce_private_link_endpoint_network_policies": false,
            "enforce_private_link_service_network_policies": false,
            "id": "/subscriptions/c2fd3d32-4762-4b0e-9f16-bc5b49933ffe/resourceGroups/rg-aula-05/providers/Microsoft.Network/virtualNetworks/ubuntu-network/subnets/internal",
            "name": "internal",
            "private_endpoint_network_policies_enabled": true,
            "private_link_service_network_policies_enabled": true,
            "resource_group_name": "rg-aula-05",
            "service_endpoint_policy_ids": [],
            "service_endpoints": [],
            "timeouts": null,
            "virtual_network_name": "ubuntu-network"
          },
          "sensitive_attributes": [],
          "private": "eyJlMmJmYjczMC1lY2FhLTExZTYtOGY4OC0zNDM2M2JjN2M0YzAiOnsiY3JlYXRlIjoxODAwMDAwMDAwMDAwLCJkZWxldGUiOjE4MDAwMDAwMDAwMDAsInJlYWQiOjMwMDAwMDAwMDAwMCwidXBkYXRlIjoxODAwMDAwMDAwMDAwfX0=",
          "dependencies": [
            "azurerm_resource_group.ubuntu",
            "azurerm_virtual_network.ubuntu"
          ]
        }
      ]
    },
    {
      "mode": "managed",
      "type": "azurerm_virtual_network",
      "name": "ubuntu",
      "provider": "provider[\"registry.terraform.io/hashicorp/azurerm\"]",
      "instances": [
        {
          "schema_version": 0,
          "attributes": {
            "address_space": [
              "10.0.0.0/16"
            ],
            "bgp_community": "",
            "ddos_protection_plan": [],
            "dns_servers": [],
            "edge_zone": "",
            "encryption": [],
            "flow_timeout_in_minutes": 0,
            "guid": "0fedb2c7-f730-4431-899e-7f6d63b1a4cf",
            "id": "/subscriptions/c2fd3d32-4762-4b0e-9f16-bc5b49933ffe/resourceGroups/rg-aula-05/providers/Microsoft.Network/virtualNetworks/ubuntu-network",
            "location": "eastus",
            "name": "ubuntu-network",
            "resource_group_name": "rg-aula-05",
            "subnet": [
              {
                "address_prefix": "10.0.2.0/24",
                "id": "/subscriptions/c2fd3d32-4762-4b0e-9f16-bc5b49933ffe/resourceGroups/rg-aula-05/providers/Microsoft.Network/virtualNetworks/ubuntu-network/subnets/internal",
                "name": "internal",
                "security_group": ""
              }
            ],
            "tags": {},
            "timeouts": null
          },
          "sensitive_attributes": [],
          "private": "eyJlMmJmYjczMC1lY2FhLTExZTYtOGY4OC0zNDM2M2JjN2M0YzAiOnsiY3JlYXRlIjoxODAwMDAwMDAwMDAwLCJkZWxldGUiOjE4MDAwMDAwMDAwMDAsInJlYWQiOjMwMDAwMDAwMDAwMCwidXBkYXRlIjoxODAwMDAwMDAwMDAwfX0=",
          "dependencies": [
            "azurerm_resource_group.ubuntu"
          ]
        }
      ]
    }
  ],
  "check_results": []
}
